
Microsoft Visual Studio Solution File, Format Version 12.00
# Visual Studio Version 16
VisualStudioVersion = 16.0.31402.337
MinimumVisualStudioVersion = 10.0.40219.1
Project("{FAE04EC0-301F-11D3-BF4B-00C04F79EFBC}") = "DiscordBot", "DiscordBot.csproj", "{10EB7031-CB61-4B85-9D8D-8CFB746365D7}"
EndProject
Global
	GlobalSection(SolutionConfigurationPlatforms) = preSolution
		Debug|Any CPU = Debug|Any CPU
		Release|Any CPU = Release|Any CPU
	EndGlobalSection
	GlobalSection(ProjectConfigurationPlatforms) = postSolution
		{10EB7031-CB61-4B85-9D8D-8CFB746365D7}.Debug|Any CPU.ActiveCfg = Debug|Any CPU
		{10EB7031-CB61-4B85-9D8D-8CFB746365D7}.Debug|Any CPU.Build.0 = Debug|Any CPU
		{10EB7031-CB61-4B85-9D8D-8CFB746365D7}.Release|Any CPU.ActiveCfg = Release|Any CPU
		{10EB7031-CB61-4B85-9D8D-8CFB746365D7}.Release|Any CPU.Build.0 = Release|Any CPU
	EndGlobalSection
	GlobalSection(SolutionProperties) = preSolution
		HideSolutionNode = FALSE
	EndGlobalSection
	GlobalSection(ExtensibilityGlobals) = postSolution
		SolutionGuid = {AAF7E80A-A8DC-478C-B9CB-8609465BBC9C}
	EndGlobalSection
EndGlobal
